<Solution>
  <Folder Name="/server/">
    <Project Path="server/AzulServer.Tests/AzulServer.Tests.csproj" />
    <Project Path="server/AzulServer/AzulServer.csproj" />
  </Folder>
  <Project Path="AzulBench/AzulBench.csproj" />
  <Project Path="AzulLibrary.Tests/AzulLibrary.Tests.csproj" />
  <Project Path="AzulLibrary/AzulLibrary.csproj" />
</Solution>
